<?xml version="1.0" encoding="utf-8"?>
<Project ToolsVersion="4.0" xmlns="http://schemas.microsoft.com/developer/msbuild/2003">
  <ItemGroup>
    <ClCompile Include="main.c" />
    <ClCompile Include="wsddsvc.c" />
    <ClCompile Include="..\Dependencies\gsoap\gsoap\stdsoap2.c">
      <Filter>gSOAP</Filter>
    </ClCompile>
    <ClCompile Include="gSOAP_generated\soapC.c">
      <Filter>gSOAP_generated</Filter>
    </ClCompile>
    <ClCompile Include="..\Dependencies\gsoap\gsoap\plugin\wsaapi.c">
      <Filter>gSOAP\plugin</Filter>
    </ClCompile>
    <ClCompile Include="..\Dependencies\gsoap\gsoap\plugin\wsddapi.c">
      <Filter>gSOAP\plugin</Filter>
    </ClCompile>
    <ClCompile Include="gSOAP_generated\soapClient.c">
      <Filter>gSOAP_generated</Filter>
    </ClCompile>
    <ClCompile Include="..\Dependencies\gsoap\gsoap\plugin\threads.c">
      <Filter>gSOAP\plugin</Filter>
    </ClCompile>
    <ClCompile Include="..\libcommonslim\array.c">
      <Filter>libcommonslim</Filter>
    </ClCompile>
    <ClCompile Include="..\libcommonslim\buffer_queue.c">
      <Filter>libcommonslim</Filter>
    </ClCompile>
    <ClCompile Include="..\libcommonslim\cJSON.c">
      <Filter>libcommonslim</Filter>
    </ClCompile>
    <ClCompile Include="..\libcommonslim\cJSON_Utils.c">
      <Filter>libcommonslim</Filter>
    </ClCompile>
    <ClCompile Include="..\libcommonslim\dictionary.c">
      <Filter>libcommonslim</Filter>
    </ClCompile>
    <ClCompile Include="..\libcommonslim\elog.c">
      <Filter>libcommonslim</Filter>
    </ClCompile>
    <ClCompile Include="..\libcommonslim\inihandler.c">
      <Filter>libcommonslim</Filter>
    </ClCompile>
    <ClCompile Include="..\libcommonslim\misc.c">
      <Filter>libcommonslim</Filter>
    </ClCompile>
    <ClCompile Include="..\libcommonslim\string_utils.c">
      <Filter>libcommonslim</Filter>
    </ClCompile>
    <ClCompile Include="..\libcommonslim\trash_stack.c">
      <Filter>libcommonslim</Filter>
    </ClCompile>
    <ClCompile Include="..\libcommonslim\util_internal.c">
      <Filter>libcommonslim</Filter>
    </ClCompile>
    <ClCompile Include="..\libcommonslim\win32.c">
      <Filter>libcommonslim</Filter>
    </ClCompile>
    <ClCompile Include="wsdd.c" />
  </ItemGroup>
  <ItemGroup>
    <Filter Include="gSOAP">
      <UniqueIdentifier>{6e471054-d679-4d38-a5e6-1f900064827d}</UniqueIdentifier>
    </Filter>
    <Filter Include="gSOAP_generated">
      <UniqueIdentifier>{01300961-7e56-4df1-8828-76e407888143}</UniqueIdentifier>
    </Filter>
    <Filter Include="gSOAP\plugin">
      <UniqueIdentifier>{3d452212-bfbc-4b51-9906-8e414ccb8e18}</UniqueIdentifier>
    </Filter>
    <Filter Include="libcommonslim">
      <UniqueIdentifier>{3b8300f3-e88a-4e51-b94b-90ad8b81ac79}</UniqueIdentifier>
    </Filter>
  </ItemGroup>
  <ItemGroup>
    <ClInclude Include="wsddsvc.h" />
    <ClInclude Include="..\Dependencies\gsoap\gsoap\stdsoap2.h">
      <Filter>gSOAP</Filter>
    </ClInclude>
    <ClInclude Include="gSOAP_generated\soapH.h">
      <Filter>gSOAP_generated</Filter>
    </ClInclude>
    <ClInclude Include="gSOAP_generated\soapStub.h">
      <Filter>gSOAP_generated</Filter>
    </ClInclude>
    <ClInclude Include="..\Dependencies\gsoap\gsoap\plugin\wsaapi.h">
      <Filter>gSOAP\plugin</Filter>
    </ClInclude>
    <ClInclude Include="..\Dependencies\gsoap\gsoap\plugin\wsddapi.h">
      <Filter>gSOAP\plugin</Filter>
    </ClInclude>
    <ClInclude Include="..\Dependencies\gsoap\gsoap\plugin\threads.h">
      <Filter>gSOAP\plugin</Filter>
    </ClInclude>
    <ClInclude Include="wsdd.h" />
    <ClInclude Include="..\libcommonslim\array.h">
      <Filter>libcommonslim</Filter>
    </ClInclude>
    <ClInclude Include="..\libcommonslim\array_internal.h">
      <Filter>libcommonslim</Filter>
    </ClInclude>
    <ClInclude Include="..\libcommonslim\buffer_queue.h">
      <Filter>libcommonslim</Filter>
    </ClInclude>
    <ClInclude Include="..\libcommonslim\cJSON.h">
      <Filter>libcommonslim</Filter>
    </ClInclude>
    <ClInclude Include="..\libcommonslim\cJSON_Utils.h">
      <Filter>libcommonslim</Filter>
    </ClInclude>
    <ClInclude Include="..\libcommonslim\defs.h">
      <Filter>libcommonslim</Filter>
    </ClInclude>
    <ClInclude Include="..\libcommonslim\dictionary.h">
      <Filter>libcommonslim</Filter>
    </ClInclude>
    <ClInclude Include="..\libcommonslim\elog.h">
      <Filter>libcommonslim</Filter>
    </ClInclude>
    <ClInclude Include="..\libcommonslim\exception.h">
      <Filter>libcommonslim</Filter>
    </ClInclude>
    <ClInclude Include="..\libcommonslim\frame_queue.h">
      <Filter>libcommonslim</Filter>
    </ClInclude>
    <ClInclude Include="..\libcommonslim\inihandler.h">
      <Filter>libcommonslim</Filter>
    </ClInclude>
    <ClInclude Include="..\libcommonslim\json_helper.h">
      <Filter>libcommonslim</Filter>
    </ClInclude>
    <ClInclude Include="..\libcommonslim\memwatch.h">
      <Filter>libcommonslim</Filter>
    </ClInclude>
    <ClInclude Include="..\libcommonslim\misc.h">
      <Filter>libcommonslim</Filter>
    </ClInclude>
    <ClInclude Include="..\libcommonslim\string_utils.h">
      <Filter>libcommonslim</Filter>
    </ClInclude>
    <ClInclude Include="..\libcommonslim\struct_macro.h">
      <Filter>libcommonslim</Filter>
    </ClInclude>
    <ClInclude Include="..\libcommonslim\trash_stack.h">
      <Filter>libcommonslim</Filter>
    </ClInclude>
    <ClInclude Include="..\libcommonslim\util_internal.h">
      <Filter>libcommonslim</Filter>
    </ClInclude>
    <ClInclude Include="..\libcommonslim\win32.h">
      <Filter>libcommonslim</Filter>
    </ClInclude>
  </ItemGroup>
  <ItemGroup>
    <None Include="gSOAP_generated\wsdd.nsmap">
      <Filter>gSOAP_generated</Filter>
    </None>
    <None Include="..\..\docs\WS-Discovery\WS-Discovery.md" />
    <None Include="wsddsvc.config.json" />
  </ItemGroup>
</Project>