<?xml version="1.0" encoding="utf-8"?>
<Project ToolsVersion="4.0" xmlns="http://schemas.microsoft.com/developer/msbuild/2003">
  <ItemGroup>
    <ClInclude Include="buffer_queue.h" />
    <ClInclude Include="ini.h" />
    <ClInclude Include="tk_time.h" />
    <ClInclude Include="tk_string.h" />
  </ItemGroup>
  <ItemGroup>
    <ClCompile Include="main.c" />
    <ClCompile Include="bit.c" />
    <ClCompile Include="buffer_queue.c" />
    <ClCompile Include="ini.c" />
    <ClCompile Include="tk_time.c" />
    <ClCompile Include="tk_string.c" />
  </ItemGroup>
  <ItemGroup>
    <None Include="..\log.ini" />
  </ItemGroup>
</Project>